
Microsoft Visual Studio Solution File, Format Version 12.00
# Visual Studio Version 16
VisualStudioVersion = 16.0.29009.5
MinimumVisualStudioVersion = 10.0.40219.1
Project("{FAE04EC0-301F-11D3-BF4B-00C04F79EFBC}") = "SimpleIndexer", "SimpleIndexer\SimpleIndexer.csproj", "{05CCC072-FE56-44F9-9439-8F89796D0CDB}"
EndProject
Global
	GlobalSection(SolutionConfigurationPlatforms) = preSolution
		Debug|Any CPU = Debug|Any CPU
		Release|Any CPU = Release|Any CPU
	EndGlobalSection
	GlobalSection(ProjectConfigurationPlatforms) = postSolution
		{05CCC072-FE56-44F9-9439-8F89796D0CDB}.Debug|Any CPU.ActiveCfg = Debug|Any CPU
		{05CCC072-FE56-44F9-9439-8F89796D0CDB}.Debug|Any CPU.Build.0 = Debug|Any CPU
		{05CCC072-FE56-44F9-9439-8F89796D0CDB}.Release|Any CPU.ActiveCfg = Release|Any CPU
		{05CCC072-FE56-44F9-9439-8F89796D0CDB}.Release|Any CPU.Build.0 = Release|Any CPU
	EndGlobalSection
	GlobalSection(SolutionProperties) = preSolution
		HideSolutionNode = FALSE
	EndGlobalSection
	GlobalSection(ExtensibilityGlobals) = postSolution
		SolutionGuid = {A4F51FE2-A28C-43AD-A442-DA889F5EE4F3}
	EndGlobalSection
EndGlobal
